
Microsoft Visual Studio Solution File, Format Version 12.00
Project("{FAE04EC0-301F-11D3-BF4B-00C04F79EFBC}") = "armdot-rider-sample", "armdot-rider-sample\armdot-rider-sample.csproj", "{C0DF31D3-A4FA-45A9-97AE-AFF5A1E94E09}"
EndProject
Global
	GlobalSection(SolutionConfigurationPlatforms) = preSolution
		Debug|Any CPU = Debug|Any CPU
		Release|Any CPU = Release|Any CPU
	EndGlobalSection
	GlobalSection(ProjectConfigurationPlatforms) = postSolution
		{C0DF31D3-A4FA-45A9-97AE-AFF5A1E94E09}.Debug|Any CPU.ActiveCfg = Debug|Any CPU
		{C0DF31D3-A4FA-45A9-97AE-AFF5A1E94E09}.Debug|Any CPU.Build.0 = Debug|Any CPU
		{C0DF31D3-A4FA-45A9-97AE-AFF5A1E94E09}.Release|Any CPU.ActiveCfg = Release|Any CPU
		{C0DF31D3-A4FA-45A9-97AE-AFF5A1E94E09}.Release|Any CPU.Build.0 = Release|Any CPU
	EndGlobalSection
EndGlobal
